
Microsoft Visual Studio Solution File, Format Version 12.00
# Visual Studio Version 16
VisualStudioVersion = 16.0.30523.141
MinimumVisualStudioVersion = 10.0.40219.1
Project("{FAE04EC0-301F-11D3-BF4B-00C04F79EFBC}") = "Завдання 1", "Завдання 1\Завдання 1.csproj", "{26A6FAB5-7F0D-4DFD-AA77-AE3785B0B52E}"
EndProject
Project("{FAE04EC0-301F-11D3-BF4B-00C04F79EFBC}") = "Завдання 2", "Завдання 2\Завдання 2.csproj", "{A238FA9F-9A94-4B45-8B29-5419E53FF763}"
EndProject
Global
	GlobalSection(SolutionConfigurationPlatforms) = preSolution
		Debug|Any CPU = Debug|Any CPU
		Release|Any CPU = Release|Any CPU
	EndGlobalSection
	GlobalSection(ProjectConfigurationPlatforms) = postSolution
		{26A6FAB5-7F0D-4DFD-AA77-AE3785B0B52E}.Debug|Any CPU.ActiveCfg = Debug|Any CPU
		{26A6FAB5-7F0D-4DFD-AA77-AE3785B0B52E}.Debug|Any CPU.Build.0 = Debug|Any CPU
		{26A6FAB5-7F0D-4DFD-AA77-AE3785B0B52E}.Release|Any CPU.ActiveCfg = Release|Any CPU
		{26A6FAB5-7F0D-4DFD-AA77-AE3785B0B52E}.Release|Any CPU.Build.0 = Release|Any CPU
		{A238FA9F-9A94-4B45-8B29-5419E53FF763}.Debug|Any CPU.ActiveCfg = Debug|Any CPU
		{A238FA9F-9A94-4B45-8B29-5419E53FF763}.Debug|Any CPU.Build.0 = Debug|Any CPU
		{A238FA9F-9A94-4B45-8B29-5419E53FF763}.Release|Any CPU.ActiveCfg = Release|Any CPU
		{A238FA9F-9A94-4B45-8B29-5419E53FF763}.Release|Any CPU.Build.0 = Release|Any CPU
	EndGlobalSection
	GlobalSection(SolutionProperties) = preSolution
		HideSolutionNode = FALSE
	EndGlobalSection
	GlobalSection(ExtensibilityGlobals) = postSolution
		SolutionGuid = {5BCCC0D9-2D67-40E4-9C41-EE4D8F3DDC16}
	EndGlobalSection
EndGlobal
