
Microsoft Visual Studio Solution File, Format Version 12.00
# Visual Studio Version 16
VisualStudioVersion = 16.0.30621.155
MinimumVisualStudioVersion = 10.0.40219.1
Project("{9A19103F-16F7-4668-BE54-9A1E7A4F7556}") = "Завдання 1", "Завдання 1\Завдання 1.csproj", "{32C0EC83-DDAD-44CE-9DDE-A9ED8FCF6931}"
EndProject
Project("{9A19103F-16F7-4668-BE54-9A1E7A4F7556}") = "Завдання 2", "Завдання 2\Завдання 2.csproj", "{CE7B1376-DC1E-4AC1-B468-9391CFDF3CDC}"
EndProject
Project("{FAE04EC0-301F-11D3-BF4B-00C04F79EFBC}") = "Завдання 3", "Завдання 3\Завдання 3.csproj", "{1CAC5550-4141-4643-962B-E1D0AAB2DB66}"
EndProject
Global
	GlobalSection(SolutionConfigurationPlatforms) = preSolution
		Debug|Any CPU = Debug|Any CPU
		Release|Any CPU = Release|Any CPU
	EndGlobalSection
	GlobalSection(ProjectConfigurationPlatforms) = postSolution
		{32C0EC83-DDAD-44CE-9DDE-A9ED8FCF6931}.Debug|Any CPU.ActiveCfg = Debug|Any CPU
		{32C0EC83-DDAD-44CE-9DDE-A9ED8FCF6931}.Debug|Any CPU.Build.0 = Debug|Any CPU
		{32C0EC83-DDAD-44CE-9DDE-A9ED8FCF6931}.Release|Any CPU.ActiveCfg = Release|Any CPU
		{32C0EC83-DDAD-44CE-9DDE-A9ED8FCF6931}.Release|Any CPU.Build.0 = Release|Any CPU
		{CE7B1376-DC1E-4AC1-B468-9391CFDF3CDC}.Debug|Any CPU.ActiveCfg = Debug|Any CPU
		{CE7B1376-DC1E-4AC1-B468-9391CFDF3CDC}.Debug|Any CPU.Build.0 = Debug|Any CPU
		{CE7B1376-DC1E-4AC1-B468-9391CFDF3CDC}.Release|Any CPU.ActiveCfg = Release|Any CPU
		{CE7B1376-DC1E-4AC1-B468-9391CFDF3CDC}.Release|Any CPU.Build.0 = Release|Any CPU
		{1CAC5550-4141-4643-962B-E1D0AAB2DB66}.Debug|Any CPU.ActiveCfg = Debug|Any CPU
		{1CAC5550-4141-4643-962B-E1D0AAB2DB66}.Debug|Any CPU.Build.0 = Debug|Any CPU
		{1CAC5550-4141-4643-962B-E1D0AAB2DB66}.Release|Any CPU.ActiveCfg = Release|Any CPU
		{1CAC5550-4141-4643-962B-E1D0AAB2DB66}.Release|Any CPU.Build.0 = Release|Any CPU
	EndGlobalSection
	GlobalSection(SolutionProperties) = preSolution
		HideSolutionNode = FALSE
	EndGlobalSection
	GlobalSection(ExtensibilityGlobals) = postSolution
		SolutionGuid = {200607EC-74C8-4A6D-9F41-00089B487966}
	EndGlobalSection
EndGlobal
