
Microsoft Visual Studio Solution File, Format Version 12.00
# Visual Studio Version 16
VisualStudioVersion = 16.0.30621.155
MinimumVisualStudioVersion = 10.0.40219.1
Project("{FAE04EC0-301F-11D3-BF4B-00C04F79EFBC}") = "Завдання 1", "Завдання 1\Завдання 1.csproj", "{CCAD485D-F0F7-47E8-B608-5665869D4BB3}"
EndProject
Project("{FAE04EC0-301F-11D3-BF4B-00C04F79EFBC}") = "Завдання 2", "Завдання 2\Завдання 2.csproj", "{6B3BCF62-8482-418E-A6E4-4DABBAD21099}"
EndProject
Project("{FAE04EC0-301F-11D3-BF4B-00C04F79EFBC}") = "Завдання 3", "Завдання 3\Завдання 3.csproj", "{0690C3C3-CF67-4AE2-838C-D8A1666FFCF6}"
EndProject
Global
	GlobalSection(SolutionConfigurationPlatforms) = preSolution
		Debug|Any CPU = Debug|Any CPU
		Release|Any CPU = Release|Any CPU
	EndGlobalSection
	GlobalSection(ProjectConfigurationPlatforms) = postSolution
		{CCAD485D-F0F7-47E8-B608-5665869D4BB3}.Debug|Any CPU.ActiveCfg = Debug|Any CPU
		{CCAD485D-F0F7-47E8-B608-5665869D4BB3}.Debug|Any CPU.Build.0 = Debug|Any CPU
		{CCAD485D-F0F7-47E8-B608-5665869D4BB3}.Release|Any CPU.ActiveCfg = Release|Any CPU
		{CCAD485D-F0F7-47E8-B608-5665869D4BB3}.Release|Any CPU.Build.0 = Release|Any CPU
		{6B3BCF62-8482-418E-A6E4-4DABBAD21099}.Debug|Any CPU.ActiveCfg = Debug|Any CPU
		{6B3BCF62-8482-418E-A6E4-4DABBAD21099}.Debug|Any CPU.Build.0 = Debug|Any CPU
		{6B3BCF62-8482-418E-A6E4-4DABBAD21099}.Release|Any CPU.ActiveCfg = Release|Any CPU
		{6B3BCF62-8482-418E-A6E4-4DABBAD21099}.Release|Any CPU.Build.0 = Release|Any CPU
		{0690C3C3-CF67-4AE2-838C-D8A1666FFCF6}.Debug|Any CPU.ActiveCfg = Debug|Any CPU
		{0690C3C3-CF67-4AE2-838C-D8A1666FFCF6}.Debug|Any CPU.Build.0 = Debug|Any CPU
		{0690C3C3-CF67-4AE2-838C-D8A1666FFCF6}.Release|Any CPU.ActiveCfg = Release|Any CPU
		{0690C3C3-CF67-4AE2-838C-D8A1666FFCF6}.Release|Any CPU.Build.0 = Release|Any CPU
	EndGlobalSection
	GlobalSection(SolutionProperties) = preSolution
		HideSolutionNode = FALSE
	EndGlobalSection
	GlobalSection(ExtensibilityGlobals) = postSolution
		SolutionGuid = {73C16849-9547-42E9-99EB-1273378F8137}
	EndGlobalSection
EndGlobal
